
Microsoft Visual Studio Solution File, Format Version 12.00
# Visual Studio 2013
VisualStudioVersion = 12.0.21005.1
MinimumVisualStudioVersion = 10.0.40219.1
Project("{FAE04EC0-301F-11D3-BF4B-00C04F79EFBC}") = "Ivony.Html.Client", "Ivony.Html.Client\Ivony.Html.Client.csproj", "{A00D3426-22A9-4472-A87A-1502E8E76F3E}"
EndProject
Project("{FAE04EC0-301F-11D3-BF4B-00C04F79EFBC}") = "TestDownload", "TestDownload\TestDownload.csproj", "{039D9AFD-FCC8-42A3-99AC-9A71DD95A276}"
EndProject
Global
	GlobalSection(SolutionConfigurationPlatforms) = preSolution
		Debug|Any CPU = Debug|Any CPU
		Release|Any CPU = Release|Any CPU
	EndGlobalSection
	GlobalSection(ProjectConfigurationPlatforms) = postSolution
		{A00D3426-22A9-4472-A87A-1502E8E76F3E}.Debug|Any CPU.ActiveCfg = Debug|Any CPU
		{A00D3426-22A9-4472-A87A-1502E8E76F3E}.Debug|Any CPU.Build.0 = Debug|Any CPU
		{A00D3426-22A9-4472-A87A-1502E8E76F3E}.Release|Any CPU.ActiveCfg = Release|Any CPU
		{A00D3426-22A9-4472-A87A-1502E8E76F3E}.Release|Any CPU.Build.0 = Release|Any CPU
		{039D9AFD-FCC8-42A3-99AC-9A71DD95A276}.Debug|Any CPU.ActiveCfg = Debug|Any CPU
		{039D9AFD-FCC8-42A3-99AC-9A71DD95A276}.Debug|Any CPU.Build.0 = Debug|Any CPU
		{039D9AFD-FCC8-42A3-99AC-9A71DD95A276}.Release|Any CPU.ActiveCfg = Release|Any CPU
		{039D9AFD-FCC8-42A3-99AC-9A71DD95A276}.Release|Any CPU.Build.0 = Release|Any CPU
	EndGlobalSection
	GlobalSection(SolutionProperties) = preSolution
		HideSolutionNode = FALSE
	EndGlobalSection
EndGlobal
